# This file is autogenerated, do not edit; changes may be undone by the next 'dep ensure'.


[[projects]]
  digest = "1:f323f98930459f65f4699b5bfba563743680e2633d96e72d61a9732648e2d07c"
  name = "contrib.go.opencensus.io/exporter/ocagent"
  packages = ["."]
  pruneopts = "NUT"
  revision = "00af367e65149ff1f2f4b93bbfbb84fd9297170d"
  version = "v0.2.0"

[[projects]]
  digest = "1:a25a623447ce55b3acd9840e9de41a392d4c07a3d6298af51881ca6e6ca4973f"
  name = "github.com/Azure/azure-sdk-for-go"
  packages = [
    "services/apimanagement/mgmt/2017-03-01/apimanagement",
    "services/authorization/mgmt/2015-07-01/authorization",
    "services/compute/mgmt/2018-10-01/compute",
    "services/cosmos-db/mgmt/2015-04-08/documentdb",
    "services/graphrbac/1.6/graphrbac",
    "services/keyvault/mgmt/2018-02-14/keyvault",
    "services/network/mgmt/2018-08-01/network",
    "services/preview/authorization/mgmt/2018-09-01-preview/authorization",
    "services/preview/msi/mgmt/2015-08-31-preview/msi",
    "services/resources/mgmt/2016-06-01/subscriptions",
    "services/resources/mgmt/2018-05-01/resources",
    "services/storage/mgmt/2018-02-01/storage",
    "storage",
    "version",
  ]
  pruneopts = "NUT"
  revision = "1951233eb944a49aa5f7278cba8e3e32a8c958af"
  version = "v24.0.0"

[[projects]]
  digest = "1:b087403a2a2aa3fb245807bdcd3a62fa2792680df0b45259db12ddadf2ea1539"
  name = "github.com/Azure/go-autorest"
  packages = [
    "autorest",
    "autorest/adal",
    "autorest/azure",
    "autorest/azure/cli",
    "autorest/date",
    "autorest/to",
    "autorest/validation",
    "logger",
    "tracing",
  ]
  pruneopts = "NUT"
  revision = "be17756531f50014397912b7aa557ec335e39b98"
  version = "v11.3.0"

[[projects]]
  digest = "1:6eefbb45475750bda6fc0331c36acd2015640ec5ed2ff7f8e2b0646aee451175"
  name = "github.com/Jeffail/gabs"
  packages = ["."]
  pruneopts = "NUT"
  revision = "7be49c3f43696c7ca8c9a76d6836703d83aea404"
  version = "v1.1.1"

[[projects]]
  digest = "1:d6613cccd218e927314d7f6a7a6e8169473b07db7e07810341cacd3bdca920ba"
  name = "github.com/alexcesaro/statsd"
  packages = ["."]
  pruneopts = "NUT"
  revision = "7fea3f0d2fab1ad973e641e51dba45443a311a90"
  version = "v2.0.0"

[[projects]]
  digest = "1:aba270497eb2d49f5cba6f4162d524b9a1195a24cbce8be20bf56a0051f47deb"
  name = "github.com/blang/semver"
  packages = ["."]
  pruneopts = "NUT"
  revision = "2ee87856327ba09384cabd113bc6b5d174e9ec0f"
  version = "v3.5.1"

[[projects]]
  digest = "1:65b0d980b428a6ad4425f2df4cd5410edd81f044cf527bd1c345368444649e58"
  name = "github.com/census-instrumentation/opencensus-proto"
  packages = [
    "gen-go/agent/common/v1",
    "gen-go/agent/trace/v1",
    "gen-go/resource/v1",
    "gen-go/trace/v1",
  ]
  pruneopts = "NUT"
  revision = "7f2434bc10da710debe5c4315ed6d4df454b4024"
  version = "v0.1.0"

[[projects]]
  digest = "1:ffe9824d294da03b391f44e1ae8281281b4afc1bdaa9588c9097785e3af10cec"
  name = "github.com/davecgh/go-spew"
  packages = ["spew"]
  pruneopts = "NUT"
  revision = "8991bc29aa16c548c550c7ff78260e27b9ab7c73"
  version = "v1.1.1"

[[projects]]
  digest = "1:7a6852b35eb5bbc184561443762d225116ae630c26a7c4d90546619f1e7d2ad2"
  name = "github.com/dgrijalva/jwt-go"
  packages = ["."]
  pruneopts = "NUT"
  revision = "06ea1031745cb8b3dab3f6a236daf2b0aa468b7e"
  version = "v3.2.0"

[[projects]]
  digest = "1:f9adc21a937e5da643ea14a3488cb7506788876737a5e205394e508627a6eec8"
  name = "github.com/dimchansky/utfbom"
  packages = ["."]
  pruneopts = "NUT"
  revision = "d2133a1ce379ef6fa992b0514a77146c60db9d1c"
  version = "v1.1.0"

[[projects]]
  digest = "1:aa3ed0a71c4e66e4ae6486bf97a3f4cab28edc78df2e50c5ad01dc7d91604b88"
  name = "github.com/fatih/structs"
  packages = ["."]
  pruneopts = "NUT"
  revision = "4966fc68f5b7593aafa6cbbba2d65ec6e1416047"
  version = "v1.1.0"

[[projects]]
  digest = "1:81466b4218bf6adddac2572a30ac733a9255919bc2f470b4827a317bd4ee1756"
  name = "github.com/ghodss/yaml"
  packages = ["."]
  pruneopts = "NUT"
  revision = "0ca9ea5df5451ffdf184b4428c902747c2c11cd7"
  version = "v1.0.0"

[[projects]]
  digest = "1:ffcbca380dbcb924037ff7650da308aca0458296489349b8ce849436e47f0c8a"
  name = "github.com/go-bindata/go-bindata"
  packages = [
    ".",
    "go-bindata",
  ]
  pruneopts = "NUT"
  revision = "d266f3a456685e7541abc9f010d46fff146c7858"

[[projects]]
  digest = "1:1c109e91a99627f9c80e8794d80773c8532dfcf234b45cdb6a6388b30a5bb5e7"
  name = "github.com/go-playground/locales"
  packages = [
    ".",
    "currency",
  ]
  pruneopts = "NUT"
  revision = "f63010822830b6fe52288ee52d5a1151088ce039"
  version = "v0.12.1"

[[projects]]
  digest = "1:1683152827ebac377858b53a6ad0be90fb1711061c7e580c5dc719834a349162"
  name = "github.com/go-playground/universal-translator"
  packages = ["."]
  pruneopts = "NUT"
  revision = "b32fa301c9fe55953584134cb6853a13c87ec0a1"
  version = "v0.16.0"

[[projects]]
  digest = "1:bde9f189072512ba353f3641d4839cb4c9c7edf421e467f2c03f267b402bd16c"
  name = "github.com/gofrs/uuid"
  packages = ["."]
  pruneopts = "NUT"
  revision = "6b08a5c5172ba18946672b49749cde22873dd7c2"
  version = "v3.2.0"

[[projects]]
  digest = "1:abea725bcf0210887f5da19d804fffa1dd45a42a56bdf5f02322345e3fee4f0d"
  name = "github.com/gogo/protobuf"
  packages = [
    "proto",
    "sortkeys",
  ]
  pruneopts = "NUT"
  revision = "4cbf7e384e768b4e01799441fdf2a706a5635ae7"
  version = "v1.2.0"

[[projects]]
  branch = "master"
  digest = "1:e2b86e41f3d669fc36b50d31d32d22c8ac656c75aa5ea89717ce7177e134ff2a"
  name = "github.com/golang/glog"
  packages = ["."]
  pruneopts = "NUT"
  revision = "23def4e6c14b4da8ac2ed8007337bc5eb5007998"

[[projects]]
  digest = "1:479e958ad7ae540d7a3c565d1839cc7c8ab9b627640144443f1e88d11d4023d0"
  name = "github.com/golang/protobuf"
  packages = [
    "proto",
    "ptypes",
    "ptypes/any",
    "ptypes/duration",
    "ptypes/timestamp",
    "ptypes/wrappers",
  ]
  pruneopts = "NUT"
  revision = "aa810b61a9c79d51363740d207bb46cf8e620ed5"
  version = "v1.2.0"

[[projects]]
  digest = "1:2e3c336fc7fde5c984d2841455a658a6d626450b1754a854b3b32e7a8f49a07a"
  name = "github.com/google/go-cmp"
  packages = [
    "cmp",
    "cmp/internal/diff",
    "cmp/internal/function",
    "cmp/internal/value",
  ]
  pruneopts = "NUT"
  revision = "3af367b6b30c263d47e8895973edcca9a49cf029"
  version = "v0.2.0"

[[projects]]
  branch = "master"
  digest = "1:52c5834e2bebac9030c97cc0798ac11c3aa8a39f098aeb419f142533da6cd3cc"
  name = "github.com/google/gofuzz"
  packages = ["."]
  pruneopts = "NUT"
  revision = "24818f796faf91cd76ec7bddd72458fbced7a6c1"

[[projects]]
  digest = "1:06a7dadb7b760767341ffb6c8d377238d68a1226f2b21b5d497d2e3f6ecf6b4e"
  name = "github.com/googleapis/gnostic"
  packages = [
    "OpenAPIv2",
    "compiler",
    "extensions",
  ]
  pruneopts = "NUT"
  revision = "7c663266750e7d82587642f65e60bc4083f1f84e"
  version = "v0.2.0"

[[projects]]
  branch = "master"
  digest = "1:b7f860847a1d71f925ba9385ed95f1ebc0abfeb418a78e219ab61f48fdfeffad"
  name = "github.com/howeyc/gopass"
  packages = ["."]
  pruneopts = "NUT"
  revision = "bf9dde6d0d2c004a008c27aaee91170c786f6db8"

[[projects]]
  digest = "1:41933d387bfa3eaa6a82647914ed7044f7b8355764c24fb920892bc8c03ef0c3"
  name = "github.com/hpcloud/tail"
  packages = [
    ".",
    "ratelimiter",
    "util",
    "watch",
    "winfile",
  ]
  pruneopts = "NUT"
  revision = "a30252cb686a21eb2d0b98132633053ec2f7f1e5"
  version = "v1.0.0"

[[projects]]
  digest = "1:9a52adf44086cead3b384e5d0dbf7a1c1cce65e67552ee3383a8561c42a18cd3"
  name = "github.com/imdario/mergo"
  packages = ["."]
  pruneopts = "NUT"
  revision = "9f23e2d6bd2a77f959b2bf6acdbefd708a83a4a4"
  version = "v0.3.6"

[[projects]]
  digest = "1:406338ad39ab2e37b7f4452906442a3dbf0eb3379dd1f06aafb5c07e769a5fbb"
  name = "github.com/inconshreveable/mousetrap"
  packages = ["."]
  pruneopts = "NUT"
  revision = "76626ae9c91c4f2a10f34cad8ce83ea42c93bb75"
  version = "v1.0"

[[projects]]
  digest = "1:718c57979a9197414a044fff2028e57cb9fe145069e4f507059755bfe87f1bfe"
  name = "github.com/influxdata/influxdb"
  packages = [
    "client/v2",
    "models",
    "pkg/escape",
  ]
  pruneopts = "NUT"
  revision = "76f907b0fada2f16931e37471da695349fcdf8c6"
  version = "v1.7.2"

[[projects]]
  branch = "master"
  digest = "1:ac6b73796941a7ab33ec69fc32f9886a6e7506998f822e3d5205377aee77284a"
  name = "github.com/influxdata/platform"
  packages = [
    "models",
    "pkg/escape",
  ]
  pruneopts = "NUT"
  revision = "98469bf07613ffae6f025893761c1e7a5e96e4aa"

[[projects]]
  digest = "1:8e36686e8b139f8fe240c1d5cf3a145bc675c22ff8e707857cdd3ae17b00d728"
  name = "github.com/json-iterator/go"
  packages = ["."]
  pruneopts = "NUT"
  revision = "1624edc4454b8682399def8740d46db5e4362ba4"
  version = "v1.1.5"

[[projects]]
  digest = "1:b8870bf2606dca65dc382f4cb8b7a434f17ff36a915451bda12788e9620be368"
  name = "github.com/kelseyhightower/envconfig"
  packages = ["."]
  pruneopts = "NUT"
  revision = "f611eb38b3875cc3bd991ca91c51d06446afa14c"
  version = "v1.3.0"

[[projects]]
  digest = "1:4059c14e87a2de3a434430340521b5feece186c1469eff0834c29a63870de3ed"
  name = "github.com/konsorten/go-windows-terminal-sequences"
  packages = ["."]
  pruneopts = "NUT"
  revision = "5c8c8bd35d3832f5d134ae1e1e375b69a4d25242"
  version = "v1.0.1"

[[projects]]
  digest = "1:c41a98ec16b8b053f921ad36d510f552321d6c86d2cd46d15b0ef3b85e67dd5f"
  name = "github.com/leodido/go-urn"
  packages = ["."]
  pruneopts = "NUT"
  revision = "70078a794e8ea4b497ba7c19a78cd60f90ccf0f4"
  version = "v1.1.0"

[[projects]]
  digest = "1:88567a29ba7044bf5cb38791d3082850d8733f4719a8f0dea2797c217deb2fcf"
  name = "github.com/leonelquinteros/gotext"
  packages = [
    ".",
    "plurals",
  ]
  pruneopts = "NUT"
  revision = "477ce49ddf8f201350f40fdb5ed80a65d155cc33"
  version = "v1.4.0"

[[projects]]
  digest = "1:13ada91f079028d1b4ca88e10a16439dcfa6541d26ed2e61e770f56d06301933"
  name = "github.com/marstr/guid"
  packages = ["."]
  pruneopts = "NUT"
  revision = "8bd9a64bf37eb297b492a4101fb28e80ac0b290f"
  version = "v1.1.0"

[[projects]]
  digest = "1:08c231ec84231a7e23d67e4b58f975e1423695a32467a362ee55a803f9de8061"
  name = "github.com/mattn/go-colorable"
  packages = ["."]
  pruneopts = "NUT"
  revision = "167de6bfdfba052fa6b2d3664c8f5272e23c9072"
  version = "v0.0.9"

[[projects]]
  digest = "1:bffa444ca07c69c599ae5876bc18b25bfd5fa85b297ca10a25594d284a7e9c5d"
  name = "github.com/mattn/go-isatty"
  packages = ["."]
  pruneopts = "NUT"
  revision = "6ca4dbf54d38eea1a992b3c722a76a5d1c4cb25c"
  version = "v0.0.4"

[[projects]]
  digest = "1:a4df73029d2c42fabcb6b41e327d2f87e685284ec03edf76921c267d9cfc9c23"
  name = "github.com/mitchellh/go-homedir"
  packages = ["."]
  pruneopts = "NUT"
  revision = "ae18d6b8b3205b561c79e8e5f69bff09736185f4"
  version = "v1.0.0"

[[projects]]
  digest = "1:2f42fa12d6911c7b7659738758631bec870b7e9b4c6be5444f963cdcfccc191f"
  name = "github.com/modern-go/concurrent"
  packages = ["."]
  pruneopts = "NUT"
  revision = "bacd9c7ef1dd9b15be4a9909b8ac7a4e313eec94"
  version = "1.0.3"

[[projects]]
  digest = "1:c6aca19413b13dc59c220ad7430329e2ec454cc310bc6d8de2c7e2b93c18a0f6"
  name = "github.com/modern-go/reflect2"
  packages = ["."]
  pruneopts = "NUT"
  revision = "4b7aa43c6742a2c18fdef89dd197aaae7dac7ccd"
  version = "1.0.1"

[[projects]]
  digest = "1:cdc5cfc04dd0b98f86433207fe6d9879757c46734441a08886acc11251c7ed4a"
  name = "github.com/onsi/ginkgo"
  packages = [
    ".",
    "config",
    "internal/codelocation",
    "internal/containernode",
    "internal/failer",
    "internal/leafnodes",
    "internal/remote",
    "internal/spec",
    "internal/spec_iterator",
    "internal/specrunner",
    "internal/suite",
    "internal/testingtproxy",
    "internal/writer",
    "reporters",
    "reporters/stenographer",
    "reporters/stenographer/support/go-colorable",
    "reporters/stenographer/support/go-isatty",
    "types",
  ]
  pruneopts = "NUT"
  revision = "2e1be8f7d90e9d3e3e58b0ce470f2f14d075406f"
  version = "v1.7.0"

[[projects]]
  digest = "1:0db10c512b410a1ecd8845e31db52622c08b76198f7ab76afb25319c84a7fd4b"
  name = "github.com/onsi/gomega"
  packages = [
    ".",
    "format",
    "internal/assertion",
    "internal/asyncassertion",
    "internal/oraclematcher",
    "internal/testingtsupport",
    "matchers",
    "matchers/support/goraph/bipartitegraph",
    "matchers/support/goraph/edge",
    "matchers/support/goraph/node",
    "matchers/support/goraph/util",
    "types",
  ]
  pruneopts = "NUT"
  revision = "65fb64232476ad9046e57c26cd0bff3d3a8dc6cd"
  version = "v1.4.3"

[[projects]]
  digest = "1:14715f705ff5dfe0ffd6571d7d201dd8e921030f8070321a79380d8ca4ec1a24"
  name = "github.com/pkg/errors"
  packages = ["."]
  pruneopts = "NUT"
  revision = "ba968bfe8b2f7e042a574c888954fccecfa385b4"
  version = "v0.8.1"

[[projects]]
  digest = "1:6bc0652ea6e39e22ccd522458b8bdd8665bf23bdc5a20eec90056e4dc7e273ca"
  name = "github.com/satori/go.uuid"
  packages = ["."]
  pruneopts = "NUT"
  revision = "f58768cc1a7a7e77a3bd49e98cdd21419399b6a3"
  version = "v1.2.0"

[[projects]]
  digest = "1:e256b859ab89f005f2f639f5ed9807d0873d9135e27c6382f419b840ff9abe71"
  name = "github.com/sirupsen/logrus"
  packages = ["."]
  pruneopts = "NUT"
  revision = "e1e72e9de974bd926e5c56f83753fba2df402ce5"
  version = "v1.3.0"

[[projects]]
  digest = "1:343d44e06621142ab09ae0c76c1799104cdfddd3ffb445d78b1adf8dc3ffaf3d"
  name = "github.com/spf13/cobra"
  packages = ["."]
  pruneopts = "NUT"
  revision = "ef82de70bb3f60c65fb8eebacbb2d122ef517385"
  version = "v0.0.3"

[[projects]]
  digest = "1:9d8420bbf131d1618bde6530af37c3799340d3762cc47210c1d9532a4c3a2779"
  name = "github.com/spf13/pflag"
  packages = ["."]
  pruneopts = "NUT"
  revision = "298182f68c66c05229eb03ac171abe6e309ee79a"
  version = "v1.0.3"

[[projects]]
  digest = "1:f2805adeca595d7dbd25173b57f83daaa79f44d43475263c4e34b05020eac9a7"
  name = "go.opencensus.io"
  packages = [
    ".",
    "exemplar",
    "internal",
    "internal/tagencoding",
    "plugin/ochttp",
    "plugin/ochttp/propagation/b3",
    "plugin/ochttp/propagation/tracecontext",
    "stats",
    "stats/internal",
    "stats/view",
    "tag",
    "trace",
    "trace/internal",
    "trace/propagation",
    "trace/tracestate",
  ]
  pruneopts = "NUT"
  revision = "b7bf3cdb64150a8c8c53b769fdeb2ba581bd4d4b"
  version = "v0.18.0"

[[projects]]
  branch = "master"
  digest = "1:30e9f5bea4df0d1a573ed89a85cc680ab05dfc078f6a21e627db236f29650a11"
  name = "golang.org/x/crypto"
  packages = [
    "curve25519",
    "ed25519",
    "ed25519/internal/edwards25519",
    "internal/chacha20",
    "internal/subtle",
    "poly1305",
    "ssh",
    "ssh/agent",
    "ssh/terminal",
  ]
  pruneopts = "NUT"
  revision = "ff983b9c42bc9fbf91556e191cc8efb585c16908"

[[projects]]
  branch = "master"
  digest = "1:c837db63b8329590f91c6a6bb713d5a9383f7b925ab0f219218f70c46af1cc59"
  name = "golang.org/x/net"
  packages = [
    "context",
    "html",
    "html/atom",
    "html/charset",
    "http/httpguts",
    "http2",
    "http2/hpack",
    "idna",
    "internal/timeseries",
    "trace",
  ]
  pruneopts = "NUT"
  revision = "915654e7eabcea33ae277abbecf52f0d8b7a9fdc"

[[projects]]
  branch = "master"
  digest = "1:04a5b0e4138f98eef79ce12a955a420ee358e9f787044cc3a553ac3c3ade997e"
  name = "golang.org/x/sync"
  packages = [
    "errgroup",
    "semaphore",
  ]
  pruneopts = "NUT"
  revision = "37e7f081c4d4c64e13b10787722085407fe5d15f"

[[projects]]
  branch = "master"
  digest = "1:a387cb801e1eacd9a2369522ea11d73077dcb6b7d9525d73c56d12754a0e8afc"
  name = "golang.org/x/sys"
  packages = [
    "unix",
    "windows",
  ]
  pruneopts = "NUT"
  revision = "48ac38b7c8cbedd50b1613c0fccacfc7d88dfcdf"

[[projects]]
  digest = "1:8a12cbc891b7130d3f660f8a309e5c0b083f831e6ac38cdaa1f12e63c12d6bea"
  name = "golang.org/x/text"
  packages = [
    "collate",
    "collate/build",
    "encoding",
    "encoding/charmap",
    "encoding/htmlindex",
    "encoding/internal",
    "encoding/internal/identifier",
    "encoding/japanese",
    "encoding/korean",
    "encoding/simplifiedchinese",
    "encoding/traditionalchinese",
    "encoding/unicode",
    "internal/colltab",
    "internal/gen",
    "internal/tag",
    "internal/triegen",
    "internal/ucd",
    "internal/utf8internal",
    "language",
    "runes",
    "secure/bidirule",
    "transform",
    "unicode/bidi",
    "unicode/cldr",
    "unicode/norm",
    "unicode/rangetable",
  ]
  pruneopts = "NUT"
  revision = "f21a4dfb5e38f5895301dc265a8def02365cc3d0"
  version = "v0.3.0"

[[projects]]
  branch = "master"
  digest = "1:9fdc2b55e8e0fafe4b41884091e51e77344f7dc511c5acedcfd98200003bff90"
  name = "golang.org/x/time"
  packages = ["rate"]
  pruneopts = "NUT"
  revision = "85acf8d2951cb2a3bde7632f9ff273ef0379bcbd"

[[projects]]
  digest = "1:5f003878aabe31d7f6b842d4de32b41c46c214bb629bb485387dbcce1edf5643"
  name = "google.golang.org/api"
  packages = ["support/bundler"]
  pruneopts = "NUT"
  revision = "19e022d8cf43ce81f046bae8cc18c5397cc7732f"
  version = "v0.1.0"

[[projects]]
  branch = "master"
  digest = "1:077c1c599507b3b3e9156d17d36e1e61928ee9b53a5b420f10f28ebd4a0b275c"
  name = "google.golang.org/genproto"
  packages = ["googleapis/rpc/status"]
  pruneopts = "NUT"
  revision = "db91494dd46c1fdcbbde05e5ff5eb56df8f7d79a"

[[projects]]
  digest = "1:638e6e596d67d0a0c8aeb76ebdcf73561b701ea43f21963b1db231d96ed7db68"
  name = "google.golang.org/grpc"
  packages = [
    ".",
    "balancer",
    "balancer/base",
    "balancer/roundrobin",
    "binarylog/grpc_binarylog_v1",
    "codes",
    "connectivity",
    "credentials",
    "credentials/internal",
    "encoding",
    "encoding/proto",
    "grpclog",
    "internal",
    "internal/backoff",
    "internal/binarylog",
    "internal/channelz",
    "internal/envconfig",
    "internal/grpcrand",
    "internal/grpcsync",
    "internal/syscall",
    "internal/transport",
    "keepalive",
    "metadata",
    "naming",
    "peer",
    "resolver",
    "resolver/dns",
    "resolver/passthrough",
    "stats",
    "status",
    "tap",
  ]
  pruneopts = "NUT"
  revision = "df014850f6dee74ba2fc94874043a9f3f75fbfd8"
  version = "v1.17.0"

[[projects]]
  digest = "1:1b91ae0dc69a41d4c2ed23ea5cffb721ea63f5037ca4b81e6d6771fbb8f45129"
  name = "gopkg.in/fsnotify.v1"
  packages = ["."]
  pruneopts = "NUT"
  revision = "c2828203cd70a50dcccfb2761f8b1f8ceef9a8e9"
  source = "https://github.com/fsnotify/fsnotify.git"
  version = "v1.4.7"

[[projects]]
  digest = "1:ce77b60a5a960206e689e397af69f7e60df7d03d310a4062c72da623ec16f754"
  name = "gopkg.in/go-playground/validator.v9"
  packages = ["."]
  pruneopts = "NUT"
  revision = "cdd5c28d217804eec51fa694927e6c57465748f6"
  version = "v9.25.0"

[[projects]]
  digest = "1:2d1fbdc6777e5408cabeb02bf336305e724b925ff4546ded0fa8715a7267922a"
  name = "gopkg.in/inf.v0"
  packages = ["."]
  pruneopts = "NUT"
  revision = "d2d2541c53f18d2a059457998ce2876cc8e67cbf"
  version = "v0.9.1"

[[projects]]
  digest = "1:5e92676b56ce4c69edf9ee1f6343c56f637e30af11b9d8b5edd1b6530f3fbc3d"
  name = "gopkg.in/ini.v1"
  packages = ["."]
  pruneopts = "NUT"
  revision = "6ed8d5f64cd79a498d1f3fab5880cc376ce41bbe"
  version = "v1.41.0"

[[projects]]
  branch = "v1"
  digest = "1:8fb1ccb16a6cfecbfdfeb84d8ea1cc7afa8f9ef16526bc2326f72d993e32cef1"
  name = "gopkg.in/tomb.v1"
  packages = ["."]
  pruneopts = "NUT"
  revision = "dd632973f1e7218eb1089048e0798ec9ae7dceb8"

[[projects]]
  digest = "1:18108594151654e9e696b27b181b953f9a90b16bf14d253dd1b397b025a1487f"
  name = "gopkg.in/yaml.v2"
  packages = ["."]
  pruneopts = "NUT"
  revision = "51d6538a90f86fe93ac480b35f37b2be17fef232"
  version = "v2.2.2"

[[projects]]
  digest = "1:f541c95b242bf41dc42ba035d66e7d240c1e8c7ccd45480f81c6526237d0b940"
  name = "k8s.io/api"
  packages = [
    "admissionregistration/v1alpha1",
    "admissionregistration/v1beta1",
    "apps/v1",
    "apps/v1beta1",
    "apps/v1beta2",
    "authentication/v1",
    "authentication/v1beta1",
    "authorization/v1",
    "authorization/v1beta1",
    "autoscaling/v1",
    "autoscaling/v2beta1",
    "batch/v1",
    "batch/v1beta1",
    "batch/v2alpha1",
    "certificates/v1beta1",
    "core/v1",
    "events/v1beta1",
    "extensions/v1beta1",
    "networking/v1",
    "policy/v1beta1",
    "rbac/v1",
    "rbac/v1alpha1",
    "rbac/v1beta1",
    "scheduling/v1alpha1",
    "settings/v1alpha1",
    "storage/v1",
    "storage/v1alpha1",
    "storage/v1beta1",
  ]
  pruneopts = "NUT"
  revision = "73d903622b7391f3312dcbac6483fed484e185f8"
  version = "kubernetes-1.10.0"

[[projects]]
  digest = "1:4e2f01b6897caf238d3c59e1b6a06e3d452286c0927af5107f3b0ad666472d8e"
  name = "k8s.io/apimachinery"
  packages = [
    "pkg/api/equality",
    "pkg/api/errors",
    "pkg/api/meta",
    "pkg/api/resource",
    "pkg/apis/meta/v1",
    "pkg/apis/meta/v1/unstructured",
    "pkg/apis/meta/v1beta1",
    "pkg/conversion",
    "pkg/conversion/queryparams",
    "pkg/fields",
    "pkg/labels",
    "pkg/runtime",
    "pkg/runtime/schema",
    "pkg/runtime/serializer",
    "pkg/runtime/serializer/json",
    "pkg/runtime/serializer/protobuf",
    "pkg/runtime/serializer/recognizer",
    "pkg/runtime/serializer/streaming",
    "pkg/runtime/serializer/versioning",
    "pkg/selection",
    "pkg/types",
    "pkg/util/clock",
    "pkg/util/errors",
    "pkg/util/framer",
    "pkg/util/intstr",
    "pkg/util/json",
    "pkg/util/net",
    "pkg/util/runtime",
    "pkg/util/sets",
    "pkg/util/validation",
    "pkg/util/validation/field",
    "pkg/util/wait",
    "pkg/util/yaml",
    "pkg/version",
    "pkg/watch",
    "third_party/forked/golang/reflect",
  ]
  pruneopts = "NUT"
  revision = "302974c03f7e50f16561ba237db776ab93594ef6"
  version = "kubernetes-1.10.0"

[[projects]]
  digest = "1:a143f9763754afbb5564edcf7be7e061b4f13fde5292341347b17b323041cc92"
  name = "k8s.io/client-go"
  packages = [
    "discovery",
    "kubernetes",
    "kubernetes/scheme",
    "kubernetes/typed/admissionregistration/v1alpha1",
    "kubernetes/typed/admissionregistration/v1beta1",
    "kubernetes/typed/apps/v1",
    "kubernetes/typed/apps/v1beta1",
    "kubernetes/typed/apps/v1beta2",
    "kubernetes/typed/authentication/v1",
    "kubernetes/typed/authentication/v1beta1",
    "kubernetes/typed/authorization/v1",
    "kubernetes/typed/authorization/v1beta1",
    "kubernetes/typed/autoscaling/v1",
    "kubernetes/typed/autoscaling/v2beta1",
    "kubernetes/typed/batch/v1",
    "kubernetes/typed/batch/v1beta1",
    "kubernetes/typed/batch/v2alpha1",
    "kubernetes/typed/certificates/v1beta1",
    "kubernetes/typed/core/v1",
    "kubernetes/typed/events/v1beta1",
    "kubernetes/typed/extensions/v1beta1",
    "kubernetes/typed/networking/v1",
    "kubernetes/typed/policy/v1beta1",
    "kubernetes/typed/rbac/v1",
    "kubernetes/typed/rbac/v1alpha1",
    "kubernetes/typed/rbac/v1beta1",
    "kubernetes/typed/scheduling/v1alpha1",
    "kubernetes/typed/settings/v1alpha1",
    "kubernetes/typed/storage/v1",
    "kubernetes/typed/storage/v1alpha1",
    "kubernetes/typed/storage/v1beta1",
    "pkg/apis/clientauthentication",
    "pkg/apis/clientauthentication/v1alpha1",
    "pkg/version",
    "plugin/pkg/client/auth/exec",
    "rest",
    "rest/watch",
    "tools/auth",
    "tools/clientcmd",
    "tools/clientcmd/api",
    "tools/clientcmd/api/latest",
    "tools/clientcmd/api/v1",
    "tools/metrics",
    "tools/reference",
    "transport",
    "util/cert",
    "util/flowcontrol",
    "util/homedir",
    "util/integer",
  ]
  pruneopts = "NUT"
  revision = "23781f4d6632d88e869066eaebb743857aa1ef9b"
  version = "v7.0.0"

[solve-meta]
  analyzer-name = "dep"
  analyzer-version = 1
  input-imports = [
    "github.com/Azure/azure-sdk-for-go/services/apimanagement/mgmt/2017-03-01/apimanagement",
    "github.com/Azure/azure-sdk-for-go/services/authorization/mgmt/2015-07-01/authorization",
    "github.com/Azure/azure-sdk-for-go/services/compute/mgmt/2018-10-01/compute",
    "github.com/Azure/azure-sdk-for-go/services/cosmos-db/mgmt/2015-04-08/documentdb",
    "github.com/Azure/azure-sdk-for-go/services/graphrbac/1.6/graphrbac",
    "github.com/Azure/azure-sdk-for-go/services/keyvault/mgmt/2018-02-14/keyvault",
    "github.com/Azure/azure-sdk-for-go/services/network/mgmt/2018-08-01/network",
    "github.com/Azure/azure-sdk-for-go/services/preview/authorization/mgmt/2018-09-01-preview/authorization",
    "github.com/Azure/azure-sdk-for-go/services/preview/msi/mgmt/2015-08-31-preview/msi",
    "github.com/Azure/azure-sdk-for-go/services/resources/mgmt/2016-06-01/subscriptions",
    "github.com/Azure/azure-sdk-for-go/services/resources/mgmt/2018-05-01/resources",
    "github.com/Azure/azure-sdk-for-go/services/storage/mgmt/2018-02-01/storage",
    "github.com/Azure/azure-sdk-for-go/storage",
    "github.com/Azure/go-autorest/autorest",
    "github.com/Azure/go-autorest/autorest/adal",
    "github.com/Azure/go-autorest/autorest/azure",
    "github.com/Azure/go-autorest/autorest/azure/cli",
    "github.com/Azure/go-autorest/autorest/date",
    "github.com/Azure/go-autorest/autorest/to",
    "github.com/Jeffail/gabs",
    "github.com/alexcesaro/statsd",
    "github.com/blang/semver",
    "github.com/davecgh/go-spew/spew",
    "github.com/fatih/structs",
    "github.com/ghodss/yaml",
    "github.com/go-bindata/go-bindata/go-bindata",
    "github.com/gofrs/uuid",
    "github.com/google/go-cmp/cmp",
    "github.com/imdario/mergo",
    "github.com/influxdata/influxdb/client/v2",
    "github.com/kelseyhightower/envconfig",
    "github.com/leonelquinteros/gotext",
    "github.com/mattn/go-colorable",
    "github.com/mitchellh/go-homedir",
    "github.com/onsi/ginkgo",
    "github.com/onsi/ginkgo/reporters",
    "github.com/onsi/gomega",
    "github.com/pkg/errors",
    "github.com/sirupsen/logrus",
    "github.com/spf13/cobra",
    "github.com/spf13/pflag",
    "golang.org/x/crypto/ssh",
    "golang.org/x/crypto/ssh/agent",
    "golang.org/x/sync/errgroup",
    "gopkg.in/fsnotify.v1",
    "gopkg.in/go-playground/validator.v9",
    "gopkg.in/ini.v1",
    "k8s.io/api/core/v1",
    "k8s.io/api/policy/v1beta1",
    "k8s.io/apimachinery/pkg/api/equality",
    "k8s.io/apimachinery/pkg/api/errors",
    "k8s.io/apimachinery/pkg/apis/meta/v1",
    "k8s.io/apimachinery/pkg/fields",
    "k8s.io/apimachinery/pkg/util/wait",
    "k8s.io/client-go/kubernetes",
    "k8s.io/client-go/tools/clientcmd",
    "k8s.io/client-go/tools/clientcmd/api",
  ]
  solver-name = "gps-cdcl"
  solver-version = 1
